// !$*UTF8*$!
{
	archiveVersion = 1;
	classes = {
	};
	objectVersion = 46;
	objects = {

/* Begin PBXBuildFile section */
		5E7B7B801B4B69880070E93F /* main.m in Sources */ = {isa = PBXBuildFile; fileRef = 5E7B7B7F1B4B69880070E93F /* main.m */; };
		5E7B7B831B4B69880070E93F /* AppDelegate.m in Sources */ = {isa = PBXBuildFile; fileRef = 5E7B7B821B4B69880070E93F /* AppDelegate.m */; };
		5E7B7B861B4B69880070E93F /* ViewController.m in Sources */ = {isa = PBXBuildFile; fileRef = 5E7B7B851B4B69880070E93F /* ViewController.m */; };
		5E7B7B891B4B69880070E93F /* Main.storyboard in Resources */ = {isa = PBXBuildFile; fileRef = 5E7B7B871B4B69880070E93F /* Main.storyboard */; };
		5E7B7B8B1B4B69880070E93F /* Images.xcassets in Resources */ = {isa = PBXBuildFile; fileRef = 5E7B7B8A1B4B69880070E93F /* Images.xcassets */; };
		5E7B7B8E1B4B69880070E93F /* LaunchScreen.xib in Resources */ = {isa = PBXBuildFile; fileRef = 5E7B7B8C1B4B69880070E93F /* LaunchScreen.xib */; };
		5E7B7B9A1B4B69880070E93F /* PopupDemoTests.m in Sources */ = {isa = PBXBuildFile; fileRef = 5E7B7B991B4B69880070E93F /* PopupDemoTests.m */; };
/* End PBXBuildFile section */

/* Begin PBXContainerItemProxy section */
		5E7B7B941B4B69880070E93F /* PBXContainerItemProxy */ = {
			isa = PBXContainerItemProxy;
			containerPortal = 5E7B7B721B4B69880070E93F /* Project object */;
			proxyType = 1;
			remoteGlobalIDString = 5E7B7B791B4B69880070E93F;
			remoteInfo = PopupDemo;
		};
/* End PBXContainerItemProxy section */

/* Begin PBXFileReference section */
		5E7B7B7A1B4B69880070E93F /* PopupDemo.app */ = {isa = PBXFileReference; explicitFileType = wrapper.application; includeInIndex = 0; path = PopupDemo.app; sourceTree = BUILT_PRODUCTS_DIR; };
		5E7B7B7E1B4B69880070E93F /* Info.plist */ = {isa = PBXFileReference; lastKnownFileType = text.plist.xml; path = Info.plist; sourceTree = "<group>"; };
		5E7B7B7F1B4B69880070E93F /* main.m */ = {isa = PBXFileReference; lastKnownFileType = sourcecode.c.objc; path = main.m; sourceTree = "<group>"; };
		5E7B7B811B4B69880070E93F /* AppDelegate.h */ = {isa = PBXFileReference; lastKnownFileType = sourcecode.c.h; path = AppDelegate.h; sourceTree = "<group>"; };
		5E7B7B821B4B69880070E93F /* AppDelegate.m */ = {isa = PBXFileReference; lastKnownFileType = sourcecode.c.objc; path = AppDelegate.m; sourceTree = "<group>"; };
		5E7B7B841B4B69880070E93F /* ViewController.h */ = {isa = PBXFileReference; lastKnownFileType = sourcecode.c.h; path = ViewController.h; sourceTree = "<group>"; };
		5E7B7B851B4B69880070E93F /* ViewController.m */ = {isa = PBXFileReference; lastKnownFileType = sourcecode.c.objc; path = ViewController.m; sourceTree = "<group>"; };
		5E7B7B881B4B69880070E93F /* Base */ = {isa = PBXFileReference; lastKnownFileType = file.storyboard; name = Base; path = Base.lproj/Main.storyboard; sourceTree = "<group>"; };
		5E7B7B8A1B4B69880070E93F /* Images.xcassets */ = {isa = PBXFileReference; lastKnownFileType = folder.assetcatalog; path = Images.xcassets; sourceTree = "<group>"; };
		5E7B7B8D1B4B69880070E93F /* Base */ = {isa = PBXFileReference; lastKnownFileType = file.xib; name = Base; path = Base.lproj/LaunchScreen.xib; sourceTree = "<group>"; };
		5E7B7B931B4B69880070E93F /* PopupDemoTests.xctest */ = {isa = PBXFileReference; explicitFileType = wrapper.cfbundle; includeInIndex = 0; path = PopupDemoTests.xctest; sourceTree = BUILT_PRODUCTS_DIR; };
		5E7B7B981B4B69880070E93F /* Info.plist */ = {isa = PBXFileReference; lastKnownFileType = text.plist.xml; path = Info.plist; sourceTree = "<group>"; };
		5E7B7B991B4B69880070E93F /* PopupDemoTests.m */ = {isa = PBXFileReference; lastKnownFileType = sourcecode.c.objc; path = PopupDemoTests.m; sourceTree = "<group>"; };
/* End PBXFileReference section */

/* Begin PBXFrameworksBuildPhase section */
		5E7B7B771B4B69880070E93F /* Frameworks */ = {
			isa = PBXFrameworksBuildPhase;
			buildActionMask = 2147483647;
			files = (
			);
			runOnlyForDeploymentPostprocessing = 0;
		};
		5E7B7B901B4B69880070E93F /* Frameworks */ = {
			isa = PBXFrameworksBuildPhase;
			buildActionMask = 2147483647;
			files = (
			);
			runOnlyForDeploymentPostprocessing = 0;
		};
/* End PBXFrameworksBuildPhase section */

/* Begin PBXGroup section */
		5E7B7B711B4B69880070E93F = {
			isa = PBXGroup;
			children = (
				5E7B7B7C1B4B69880070E93F /* PopupDemo */,
				5E7B7B961B4B69880070E93F /* PopupDemoTests */,
				5E7B7B7B1B4B69880070E93F /* Products */,
			);
			sourceTree = "<group>";
		};
		5E7B7B7B1B4B69880070E93F /* Products */ = {
			isa = PBXGroup;
			children = (
				5E7B7B7A1B4B69880070E93F /* PopupDemo.app */,
				5E7B7B931B4B69880070E93F /* PopupDemoTests.xctest */,
			);
			name = Products;
			sourceTree = "<group>";
		};
		5E7B7B7C1B4B69880070E93F /* PopupDemo */ = {
			isa = PBXGroup;
			children = (
				5E7B7B811B4B69880070E93F /* AppDelegate.h */,
				5E7B7B821B4B69880070E93F /* AppDelegate.m */,
				5E7B7B841B4B69880070E93F /* ViewController.h */,
				5E7B7B851B4B69880070E93F /* ViewController.m */,
				5E7B7B871B4B69880070E93F /* Main.storyboard */,
				5E7B7B8A1B4B69880070E93F /* Images.xcassets */,
				5E7B7B8C1B4B69880070E93F /* LaunchScreen.xib */,
				5E7B7B7D1B4B69880070E93F /* Supporting Files */,
			);
			path = PopupDemo;
			sourceTree = "<group>";
		};
		5E7B7B7D1B4B69880070E93F /* Supporting Files */ = {
			isa = PBXGroup;
			children = (
				5E7B7B7E1B4B69880070E93F /* Info.plist */,
				5E7B7B7F1B4B69880070E93F /* main.m */,
			);
			name = "Supporting Files";
			sourceTree = "<group>";
		};
		5E7B7B961B4B69880070E93F /* PopupDemoTests */ = {
			isa = PBXGroup;
			children = (
				5E7B7B991B4B69880070E93F /* PopupDemoTests.m */,
				5E7B7B971B4B69880070E93F /* Supporting Files */,
			);
			path = PopupDemoTests;
			sourceTree = "<group>";
		};
		5E7B7B971B4B69880070E93F /* Supporting Files */ = {
			isa = PBXGroup;
			children = (
				5E7B7B981B4B69880070E93F /* Info.plist */,
			);
			name = "Supporting Files";
			sourceTree = "<group>";
		};
/* End PBXGroup section */

/* Begin PBXNativeTarget section */
		5E7B7B791B4B69880070E93F /* PopupDemo */ = {
			isa = PBXNativeTarget;
			buildConfigurationList = 5E7B7B9D1B4B69880070E93F /* Build configuration list for PBXNativeTarget "PopupDemo" */;
			buildPhases = (
				5E7B7B761B4B69880070E93F /* Sources */,
				5E7B7B771B4B69880070E93F /* Frameworks */,
				5E7B7B781B4B69880070E93F /* Resources */,
			);
			buildRules = (
			);
			dependencies = (
			);
			name = PopupDemo;
			productName = PopupDemo;
			productReference = 5E7B7B7A1B4B69880070E93F /* PopupDemo.app */;
			productType = "com.apple.product-type.application";
		};
		5E7B7B921B4B69880070E93F /* PopupDemoTests */ = {
			isa = PBXNativeTarget;
			buildConfigurationList = 5E7B7BA01B4B69880070E93F /* Build configuration list for PBXNativeTarget "PopupDemoTests" */;
			buildPhases = (
				5E7B7B8F1B4B69880070E93F /* Sources */,
				5E7B7B901B4B69880070E93F /* Frameworks */,
				5E7B7B911B4B69880070E93F /* Resources */,
			);
			buildRules = (
			);
			dependencies = (
				5E7B7B951B4B69880070E93F /* PBXTargetDependency */,
			);
			name = PopupDemoTests;
			productName = PopupDemoTests;
			productReference = 5E7B7B931B4B69880070E93F /* PopupDemoTests.xctest */;
			productType = "com.apple.product-type.bundle.unit-test";
		};
/* End PBXNativeTarget section */

/* Begin PBXProject section */
		5E7B7B721B4B69880070E93F /* Project object */ = {
			isa = PBXProject;
			attributes = {
				LastUpgradeCheck = 0640;
				ORGANIZATIONNAME = TechWizard;
				TargetAttributes = {
					5E7B7B791B4B69880070E93F = {
						CreatedOnToolsVersion = 6.3.2;
					};
					5E7B7B921B4B69880070E93F = {
						CreatedOnToolsVersion = 6.3.2;
						TestTargetID = 5E7B7B791B4B69880070E93F;
					};
				};
			};
			buildConfigurationList = 5E7B7B751B4B69880070E93F /* Build configuration list for PBXProject "PopupDemo" */;
			compatibilityVersion = "Xcode 3.2";
			developmentRegion = English;
			hasScannedForEncodings = 0;
			knownRegions = (
				en,
				Base,
			);
			mainGroup = 5E7B7B711B4B69880070E93F;
			productRefGroup = 5E7B7B7B1B4B69880070E93F /* Products */;
			projectDirPath = "";
			projectRoot = "";
			targets = (
				5E7B7B791B4B69880070E93F /* PopupDemo */,
				5E7B7B921B4B69880070E93F /* PopupDemoTests */,
			);
		};
/* End PBXProject section */

/* Begin PBXResourcesBuildPhase section */
		5E7B7B781B4B69880070E93F /* Resources */ = {
			isa = PBXResourcesBuildPhase;
			buildActionMask = 2147483647;
			files = (
				5E7B7B891B4B69880070E93F /* Main.storyboard in Resources */,
				5E7B7B8E1B4B69880070E93F /* LaunchScreen.xib in Resources */,
				5E7B7B8B1B4B69880070E93F /* Images.xcassets in Resources */,
			);
			runOnlyForDeploymentPostprocessing = 0;
		};
		5E7B7B911B4B69880070E93F /* Resources */ = {
			isa = PBXResourcesBuildPhase;
			buildActionMask = 2147483647;
			files = (
			);
			runOnlyForDeploymentPostprocessing = 0;
		};
/* End PBXResourcesBuildPhase section */

/* Begin PBXSourcesBuildPhase section */
		5E7B7B761B4B69880070E93F /* Sources */ = {
			isa = PBXSourcesBuildPhase;
			buildActionMask = 2147483647;
			files = (
				5E7B7B861B4B69880070E93F /* ViewController.m in Sources */,
				5E7B7B831B4B69880070E93F /* AppDelegate.m in Sources */,
				5E7B7B801B4B69880070E93F /* main.m in Sources */,
			);
			runOnlyForDeploymentPostprocessing = 0;
		};
		5E7B7B8F1B4B69880070E93F /* Sources */ = {
			isa = PBXSourcesBuildPhase;
			buildActionMask = 2147483647;
			files = (
				5E7B7B9A1B4B69880070E93F /* PopupDemoTests.m in Sources */,
			);
			runOnlyForDeploymentPostprocessing = 0;
		};
/* End PBXSourcesBuildPhase section */

/* Begin PBXTargetDependency section */
		5E7B7B951B4B69880070E93F /* PBXTargetDependency */ = {
			isa = PBXTargetDependency;
			target = 5E7B7B791B4B69880070E93F /* PopupDemo */;
			targetProxy = 5E7B7B941B4B69880070E93F /* PBXContainerItemProxy */;
		};
/* End PBXTargetDependency section */

/* Begin PBXVariantGroup section */
		5E7B7B871B4B69880070E93F /* Main.storyboard */ = {
			isa = PBXVariantGroup;
			children = (
				5E7B7B881B4B69880070E93F /* Base */,
			);
			name = Main.storyboard;
			sourceTree = "<group>";
		};
		5E7B7B8C1B4B69880070E93F /* LaunchScreen.xib */ = {
			isa = PBXVariantGroup;
			children = (
				5E7B7B8D1B4B69880070E93F /* Base */,
			);
			name = LaunchScreen.xib;
			sourceTree = "<group>";
		};
/* End PBXVariantGroup section */

/* Begin XCBuildConfiguration section */
		5E7B7B9B1B4B69880070E93F /* Debug */ = {
			isa = XCBuildConfiguration;
			buildSettings = {
				ALWAYS_SEARCH_USER_PATHS = NO;
				CLANG_CXX_LANGUAGE_STANDARD = "gnu++0x";
				CLANG_CXX_LIBRARY = "libc++";
				CLANG_ENABLE_MODULES = YES;
				CLANG_ENABLE_OBJC_ARC = YES;
				CLANG_WARN_BOOL_CONVERSION = YES;
				CLANG_WARN_CONSTANT_CONVERSION = YES;
				CLANG_WARN_DIRECT_OBJC_ISA_USAGE = YES_ERROR;
				CLANG_WARN_EMPTY_BODY = YES;
				CLANG_WARN_ENUM_CONVERSION = YES;
				CLANG_WARN_INT_CONVERSION = YES;
				CLANG_WARN_OBJC_ROOT_CLASS = YES_ERROR;
				CLANG_WARN_UNREACHABLE_CODE = YES;
				CLANG_WARN__DUPLICATE_METHOD_MATCH = YES;
				"CODE_SIGN_IDENTITY[sdk=iphoneos*]" = "iPhone Developer";
				COPY_PHASE_STRIP = NO;
				DEBUG_INFORMATION_FORMAT = "dwarf-with-dsym";
				ENABLE_STRICT_OBJC_MSGSEND = YES;
				GCC_C_LANGUAGE_STANDARD = gnu99;
				GCC_DYNAMIC_NO_PIC = NO;
				GCC_NO_COMMON_BLOCKS = YES;
				GCC_OPTIMIZATION_LEVEL = 0;
				GCC_PREPROCESSOR_DEFINITIONS = (
					"DEBUG=1",
					"$(inherited)",
				);
				GCC_SYMBOLS_PRIVATE_EXTERN = NO;
				GCC_WARN_64_TO_32_BIT_CONVERSION = YES;
				GCC_WARN_ABOUT_RETURN_TYPE = YES_ERROR;
				GCC_WARN_UNDECLARED_SELECTOR = YES;
				GCC_WARN_UNINITIALIZED_AUTOS = YES_AGGRESSIVE;
				GCC_WARN_UNUSED_FUNCTION = YES;
				GCC_WARN_UNUSED_VARIABLE = YES;
				IPHONEOS_DEPLOYMENT_TARGET = 8.3;
				MTL_ENABLE_DEBUG_INFO = YES;
				ONLY_ACTIVE_ARCH = YES;
				SDKROOT = iphoneos;
			};
			name = Debug;
		};
		5E7B7B9C1B4B69880070E93F /* Release */ = {
			isa = XCBuildConfiguration;
			buildSettings = {
				ALWAYS_SEARCH_USER_PATHS = NO;
				CLANG_CXX_LANGUAGE_STANDARD = "gnu++0x";
				CLANG_CXX_LIBRARY = "libc++";
				CLANG_ENABLE_MODULES = YES;
				CLANG_ENABLE_OBJC_ARC = YES;
				CLANG_WARN_BOOL_CONVERSION = YES;
				CLANG_WARN_CONSTANT_CONVERSION = YES;
				CLANG_WARN_DIRECT_OBJC_ISA_USAGE = YES_ERROR;
				CLANG_WARN_EMPTY_BODY = YES;
				CLANG_WARN_ENUM_CONVERSION = YES;
				CLANG_WARN_INT_CONVERSION = YES;
				CLANG_WARN_OBJC_ROOT_CLASS = YES_ERROR;
				CLANG_WARN_UNREACHABLE_CODE = YES;
				CLANG_WARN__DUPLICATE_METHOD_MATCH = YES;
				"CODE_SIGN_IDENTITY[sdk=iphoneos*]" = "iPhone Developer";
				COPY_PHASE_STRIP = NO;
				DEBUG_INFORMATION_FORMAT = "dwarf-with-dsym";
				ENABLE_NS_ASSERTIONS = NO;
				ENABLE_STRICT_OBJC_MSGSEND = YES;
				GCC_C_LANGUAGE_STANDARD = gnu99;
				GCC_NO_COMMON_BLOCKS = YES;
				GCC_WARN_64_TO_32_BIT_CONVERSION = YES;
				GCC_WARN_ABOUT_RETURN_TYPE = YES_ERROR;
				GCC_WARN_UNDECLARED_SELECTOR = YES;
				GCC_WARN_UNINITIALIZED_AUTOS = YES_AGGRESSIVE;
				GCC_WARN_UNUSED_FUNCTION = YES;
				GCC_WARN_UNUSED_VARIABLE = YES;
				IPHONEOS_DEPLOYMENT_TARGET = 8.3;
				MTL_ENABLE_DEBUG_INFO = NO;
				SDKROOT = iphoneos;
				VALIDATE_PRODUCT = YES;
			};
			name = Release;
		};
		5E7B7B9E1B4B69880070E93F /* Debug */ = {
			isa = XCBuildConfiguration;
			buildSettings = {
				ASSETCATALOG_COMPILER_APPICON_NAME = AppIcon;
				INFOPLIST_FILE = PopupDemo/Info.plist;
				LD_RUNPATH_SEARCH_PATHS = "$(inherited) @executable_path/Frameworks";
				PRODUCT_NAME = "$(TARGET_NAME)";
			};
			name = Debug;
		};
		5E7B7B9F1B4B69880070E93F /* Release */ = {
			isa = XCBuildConfiguration;
			buildSettings = {
				ASSETCATALOG_COMPILER_APPICON_NAME = AppIcon;
				INFOPLIST_FILE = PopupDemo/Info.plist;
				LD_RUNPATH_SEARCH_PATHS = "$(inherited) @executable_path/Frameworks";
				PRODUCT_NAME = "$(TARGET_NAME)";
			};
			name = Release;
		};
		5E7B7BA11B4B69880070E93F /* Debug */ = {
			isa = XCBuildConfiguration;
			buildSettings = {
				BUNDLE_LOADER = "$(TEST_HOST)";
				FRAMEWORK_SEARCH_PATHS = (
					"$(SDKROOT)/Developer/Library/Frameworks",
					"$(inherited)",
				);
				GCC_PREPROCESSOR_DEFINITIONS = (
					"DEBUG=1",
					"$(inherited)",
				);
				INFOPLIST_FILE = PopupDemoTests/Info.plist;
				LD_RUNPATH_SEARCH_PATHS = "$(inherited) @executable_path/Frameworks @loader_path/Frameworks";
				PRODUCT_NAME = "$(TARGET_NAME)";
				TEST_HOST = "$(BUILT_PRODUCTS_DIR)/PopupDemo.app/PopupDemo";
			};
			name = Debug;
		};
		5E7B7BA21B4B69880070E93F /* Release */ = {
			isa = XCBuildConfiguration;
			buildSettings = {
				BUNDLE_LOADER = "$(TEST_HOST)";
				FRAMEWORK_SEARCH_PATHS = (
					"$(SDKROOT)/Developer/Library/Frameworks",
					"$(inherited)",
				);
				INFOPLIST_FILE = PopupDemoTests/Info.plist;
				LD_RUNPATH_SEARCH_PATHS = "$(inherited) @executable_path/Frameworks @loader_path/Frameworks";
				PRODUCT_NAME = "$(TARGET_NAME)";
				TEST_HOST = "$(BUILT_PRODUCTS_DIR)/PopupDemo.app/PopupDemo";
			};
			name = Release;
		};
/* End XCBuildConfiguration section */

/* Begin XCConfigurationList section */
		5E7B7B751B4B69880070E93F /* Build configuration list for PBXProject "PopupDemo" */ = {
			isa = XCConfigurationList;
			buildConfigurations = (
				5E7B7B9B1B4B69880070E93F /* Debug */,
				5E7B7B9C1B4B69880070E93F /* Release */,
			);
			defaultConfigurationIsVisible = 0;
			defaultConfigurationName = Release;
		};
		5E7B7B9D1B4B69880070E93F /* Build configuration list for PBXNativeTarget "PopupDemo" */ = {
			isa = XCConfigurationList;
			buildConfigurations = (
				5E7B7B9E1B4B69880070E93F /* Debug */,
				5E7B7B9F1B4B69880070E93F /* Release */,
			);
			defaultConfigurationIsVisible = 0;
		};
		5E7B7BA01B4B69880070E93F /* Build configuration list for PBXNativeTarget "PopupDemoTests" */ = {
			isa = XCConfigurationList;
			buildConfigurations = (
				5E7B7BA11B4B69880070E93F /* Debug */,
				5E7B7BA21B4B69880070E93F /* Release */,
			);
			defaultConfigurationIsVisible = 0;
		};
/* End XCConfigurationList section */
	};
	rootObject = 5E7B7B721B4B69880070E93F /* Project object */;
}
